
Microsoft Visual Studio Solution File, Format Version 12.00
# Visual Studio Version 16
VisualStudioVersion = 16.0.29613.14
MinimumVisualStudioVersion = 10.0.40219.1
Project("{FAE04EC0-301F-11D3-BF4B-00C04F79EFBC}") = "Dock_test", "Dock_test\Dock_test.csproj", "{B3F0AABD-FE8C-45EF-8AA1-52989CC6EA53}"
EndProject
Global
	GlobalSection(SolutionConfigurationPlatforms) = preSolution
		Debug|Any CPU = Debug|Any CPU
		Release|Any CPU = Release|Any CPU
	EndGlobalSection
	GlobalSection(ProjectConfigurationPlatforms) = postSolution
		{B3F0AABD-FE8C-45EF-8AA1-52989CC6EA53}.Debug|Any CPU.ActiveCfg = Debug|Any CPU
		{B3F0AABD-FE8C-45EF-8AA1-52989CC6EA53}.Debug|Any CPU.Build.0 = Debug|Any CPU
		{B3F0AABD-FE8C-45EF-8AA1-52989CC6EA53}.Release|Any CPU.ActiveCfg = Release|Any CPU
		{B3F0AABD-FE8C-45EF-8AA1-52989CC6EA53}.Release|Any CPU.Build.0 = Release|Any CPU
	EndGlobalSection
	GlobalSection(SolutionProperties) = preSolution
		HideSolutionNode = FALSE
	EndGlobalSection
	GlobalSection(ExtensibilityGlobals) = postSolution
		SolutionGuid = {276D5FA0-8C36-4596-9DB8-AF38AC149457}
	EndGlobalSection
EndGlobal
